// !$*UTF8*$!
{
	archiveVersion = 1;
	classes = {
	};
	objectVersion = 77;
	objects = {

/* Begin PBXBuildFile section */
		6B4753C02E8AC282007362F7 /* SDWebImageSwiftUI in Frameworks */ = {isa = PBXBuildFile; productRef = 6B4753BF2E8AC282007362F7 /* SDWebImageSwiftUI */; };
/* End PBXBuildFile section */

/* Begin PBXContainerItemProxy section */
		6B47536E2E8AAF29007362F7 /* PBXContainerItemProxy */ = {
			isa = PBXContainerItemProxy;
			containerPortal = 6B4753502E8AAF27007362F7 /* Project object */;
			proxyType = 1;
			remoteGlobalIDString = 6B4753572E8AAF27007362F7;
			remoteInfo = Matrimonial;
		};
		6B4753782E8AAF29007362F7 /* PBXContainerItemProxy */ = {
			isa = PBXContainerItemProxy;
			containerPortal = 6B4753502E8AAF27007362F7 /* Project object */;
			proxyType = 1;
			remoteGlobalIDString = 6B4753572E8AAF27007362F7;
			remoteInfo = Matrimonial;
		};
/* End PBXContainerItemProxy section */

/* Begin PBXFileReference section */
		6B4753582E8AAF27007362F7 /* Matrimonial.app */ = {isa = PBXFileReference; explicitFileType = wrapper.application; includeInIndex = 0; path = Matrimonial.app; sourceTree = BUILT_PRODUCTS_DIR; };
		6B47536D2E8AAF29007362F7 /* MatrimonialTests.xctest */ = {isa = PBXFileReference; explicitFileType = wrapper.cfbundle; includeInIndex = 0; path = MatrimonialTests.xctest; sourceTree = BUILT_PRODUCTS_DIR; };
		6B4753772E8AAF29007362F7 /* MatrimonialUITests.xctest */ = {isa = PBXFileReference; explicitFileType = wrapper.cfbundle; includeInIndex = 0; path = MatrimonialUITests.xctest; sourceTree = BUILT_PRODUCTS_DIR; };
		6B47554A2E8AF68C007362F7 /* Matrimonial.xctestplan */ = {isa = PBXFileReference; lastKnownFileType = text; name = Matrimonial.xctestplan; path = Matrimonial/Tests/Matrimonial.xctestplan; sourceTree = "<group>"; };
/* End PBXFileReference section */

/* Begin PBXFileSystemSynchronizedBuildFileExceptionSet section */
		6B4753E32E8AD5C2007362F7 /* Exceptions for "Matrimonial" folder in "Matrimonial" target */ = {
			isa = PBXFileSystemSynchronizedBuildFileExceptionSet;
			membershipExceptions = (
				Tests/MatrimonialTests/MatrimonialTests.swift,
				Tests/MatrimonialTests/MatrimonyLocalDataSourceTests.swift,
				Tests/MatrimonialTests/MatrimonyProfilesViewModelTests.swift,
				Tests/MatrimonialUITests/MatrimonialUITests.swift,
				Tests/MatrimonialUITests/MatrimonialUITestsLaunchTests.swift,
			);
			target = 6B4753572E8AAF27007362F7 /* Matrimonial */;
		};
		6B4753F12E8ADD0A007362F7 /* Exceptions for "Matrimonial" folder in "MatrimonialTests" target */ = {
			isa = PBXFileSystemSynchronizedBuildFileExceptionSet;
			membershipExceptions = (
				Tests/MatrimonialTests/MatrimonialTests.swift,
				Tests/MatrimonialTests/MatrimonyLocalDataSourceTests.swift,
				Tests/MatrimonialTests/MatrimonyProfilesViewModelTests.swift,
				Tests/MatrimonialTests/MockRepository/MockMatrimonyRepository.swift,
			);
			target = 6B47536C2E8AAF29007362F7 /* MatrimonialTests */;
		};
		6B4753F72E8ADD0D007362F7 /* Exceptions for "Matrimonial" folder in "MatrimonialUITests" target */ = {
			isa = PBXFileSystemSynchronizedBuildFileExceptionSet;
			membershipExceptions = (
				Tests/MatrimonialUITests/MatrimonialUITests.swift,
				Tests/MatrimonialUITests/MatrimonialUITestsLaunchTests.swift,
			);
			target = 6B4753762E8AAF29007362F7 /* MatrimonialUITests */;
		};
/* End PBXFileSystemSynchronizedBuildFileExceptionSet section */

/* Begin PBXFileSystemSynchronizedRootGroup section */
		6B47535A2E8AAF27007362F7 /* Matrimonial */ = {
			isa = PBXFileSystemSynchronizedRootGroup;
			exceptions = (
				6B4753E32E8AD5C2007362F7 /* Exceptions for "Matrimonial" folder in "Matrimonial" target */,
				6B4753F12E8ADD0A007362F7 /* Exceptions for "Matrimonial" folder in "MatrimonialTests" target */,
				6B4753F72E8ADD0D007362F7 /* Exceptions for "Matrimonial" folder in "MatrimonialUITests" target */,
			);
			path = Matrimonial;
			sourceTree = "<group>";
		};
/* End PBXFileSystemSynchronizedRootGroup section */

/* Begin PBXFrameworksBuildPhase section */
		6B4753552E8AAF27007362F7 /* Frameworks */ = {
			isa = PBXFrameworksBuildPhase;
			buildActionMask = 2147483647;
			files = (
				6B4753C02E8AC282007362F7 /* SDWebImageSwiftUI in Frameworks */,
			);
			runOnlyForDeploymentPostprocessing = 0;
		};
		6B47536A2E8AAF29007362F7 /* Frameworks */ = {
			isa = PBXFrameworksBuildPhase;
			buildActionMask = 2147483647;
			files = (
			);
			runOnlyForDeploymentPostprocessing = 0;
		};
		6B4753742E8AAF29007362F7 /* Frameworks */ = {
			isa = PBXFrameworksBuildPhase;
			buildActionMask = 2147483647;
			files = (
			);
			runOnlyForDeploymentPostprocessing = 0;
		};
/* End PBXFrameworksBuildPhase section */

/* Begin PBXGroup section */
		6B47534F2E8AAF27007362F7 = {
			isa = PBXGroup;
			children = (
				6B47554A2E8AF68C007362F7 /* Matrimonial.xctestplan */,
				6B47535A2E8AAF27007362F7 /* Matrimonial */,
				6B4753592E8AAF27007362F7 /* Products */,
			);
			sourceTree = "<group>";
		};
		6B4753592E8AAF27007362F7 /* Products */ = {
			isa = PBXGroup;
			children = (
				6B4753582E8AAF27007362F7 /* Matrimonial.app */,
				6B47536D2E8AAF29007362F7 /* MatrimonialTests.xctest */,
				6B4753772E8AAF29007362F7 /* MatrimonialUITests.xctest */,
			);
			name = Products;
			sourceTree = "<group>";
		};
/* End PBXGroup section */

/* Begin PBXNativeTarget section */
		6B4753572E8AAF27007362F7 /* Matrimonial */ = {
			isa = PBXNativeTarget;
			buildConfigurationList = 6B4753812E8AAF29007362F7 /* Build configuration list for PBXNativeTarget "Matrimonial" */;
			buildPhases = (
				6B4753542E8AAF27007362F7 /* Sources */,
				6B4753552E8AAF27007362F7 /* Frameworks */,
				6B4753562E8AAF27007362F7 /* Resources */,
			);
			buildRules = (
			);
			dependencies = (
			);
			fileSystemSynchronizedGroups = (
				6B47535A2E8AAF27007362F7 /* Matrimonial */,
			);
			name = Matrimonial;
			packageProductDependencies = (
				6B4753BF2E8AC282007362F7 /* SDWebImageSwiftUI */,
			);
			productName = Matrimonial;
			productReference = 6B4753582E8AAF27007362F7 /* Matrimonial.app */;
			productType = "com.apple.product-type.application";
		};
		6B47536C2E8AAF29007362F7 /* MatrimonialTests */ = {
			isa = PBXNativeTarget;
			buildConfigurationList = 6B4753842E8AAF29007362F7 /* Build configuration list for PBXNativeTarget "MatrimonialTests" */;
			buildPhases = (
				6B4753692E8AAF29007362F7 /* Sources */,
				6B47536A2E8AAF29007362F7 /* Frameworks */,
				6B47536B2E8AAF29007362F7 /* Resources */,
			);
			buildRules = (
			);
			dependencies = (
				6B47536F2E8AAF29007362F7 /* PBXTargetDependency */,
			);
			name = MatrimonialTests;
			packageProductDependencies = (
			);
			productName = MatrimonialTests;
			productReference = 6B47536D2E8AAF29007362F7 /* MatrimonialTests.xctest */;
			productType = "com.apple.product-type.bundle.unit-test";
		};
		6B4753762E8AAF29007362F7 /* MatrimonialUITests */ = {
			isa = PBXNativeTarget;
			buildConfigurationList = 6B4753872E8AAF29007362F7 /* Build configuration list for PBXNativeTarget "MatrimonialUITests" */;
			buildPhases = (
				6B4753732E8AAF29007362F7 /* Sources */,
				6B4753742E8AAF29007362F7 /* Frameworks */,
				6B4753752E8AAF29007362F7 /* Resources */,
			);
			buildRules = (
			);
			dependencies = (
				6B4753792E8AAF29007362F7 /* PBXTargetDependency */,
			);
			name = MatrimonialUITests;
			packageProductDependencies = (
			);
			productName = MatrimonialUITests;
			productReference = 6B4753772E8AAF29007362F7 /* MatrimonialUITests.xctest */;
			productType = "com.apple.product-type.bundle.ui-testing";
		};
/* End PBXNativeTarget section */

/* Begin PBXProject section */
		6B4753502E8AAF27007362F7 /* Project object */ = {
			isa = PBXProject;
			attributes = {
				BuildIndependentTargetsInParallel = 1;
				LastSwiftUpdateCheck = 1620;
				LastUpgradeCheck = 1620;
				TargetAttributes = {
					6B4753572E8AAF27007362F7 = {
						CreatedOnToolsVersion = 16.2;
					};
					6B47536C2E8AAF29007362F7 = {
						CreatedOnToolsVersion = 16.2;
						TestTargetID = 6B4753572E8AAF27007362F7;
					};
					6B4753762E8AAF29007362F7 = {
						CreatedOnToolsVersion = 16.2;
						TestTargetID = 6B4753572E8AAF27007362F7;
					};
				};
			};
			buildConfigurationList = 6B4753532E8AAF27007362F7 /* Build configuration list for PBXProject "Matrimonial" */;
			developmentRegion = en;
			hasScannedForEncodings = 0;
			knownRegions = (
				en,
				Base,
			);
			mainGroup = 6B47534F2E8AAF27007362F7;
			minimizedProjectReferenceProxies = 1;
			packageReferences = (
				6B4753BE2E8AC282007362F7 /* XCRemoteSwiftPackageReference "SDWebImageSwiftUI" */,
			);
			preferredProjectObjectVersion = 77;
			productRefGroup = 6B4753592E8AAF27007362F7 /* Products */;
			projectDirPath = "";
			projectRoot = "";
			targets = (
				6B4753572E8AAF27007362F7 /* Matrimonial */,
				6B47536C2E8AAF29007362F7 /* MatrimonialTests */,
				6B4753762E8AAF29007362F7 /* MatrimonialUITests */,
			);
		};
/* End PBXProject section */

/* Begin PBXResourcesBuildPhase section */
		6B4753562E8AAF27007362F7 /* Resources */ = {
			isa = PBXResourcesBuildPhase;
			buildActionMask = 2147483647;
			files = (
			);
			runOnlyForDeploymentPostprocessing = 0;
		};
		6B47536B2E8AAF29007362F7 /* Resources */ = {
			isa = PBXResourcesBuildPhase;
			buildActionMask = 2147483647;
			files = (
			);
			runOnlyForDeploymentPostprocessing = 0;
		};
		6B4753752E8AAF29007362F7 /* Resources */ = {
			isa = PBXResourcesBuildPhase;
			buildActionMask = 2147483647;
			files = (
			);
			runOnlyForDeploymentPostprocessing = 0;
		};
/* End PBXResourcesBuildPhase section */

/* Begin PBXSourcesBuildPhase section */
		6B4753542E8AAF27007362F7 /* Sources */ = {
			isa = PBXSourcesBuildPhase;
			buildActionMask = 2147483647;
			files = (
			);
			runOnlyForDeploymentPostprocessing = 0;
		};
		6B4753692E8AAF29007362F7 /* Sources */ = {
			isa = PBXSourcesBuildPhase;
			buildActionMask = 2147483647;
			files = (
			);
			runOnlyForDeploymentPostprocessing = 0;
		};
		6B4753732E8AAF29007362F7 /* Sources */ = {
			isa = PBXSourcesBuildPhase;
			buildActionMask = 2147483647;
			files = (
			);
			runOnlyForDeploymentPostprocessing = 0;
		};
/* End PBXSourcesBuildPhase section */

/* Begin PBXTargetDependency section */
		6B47536F2E8AAF29007362F7 /* PBXTargetDependency */ = {
			isa = PBXTargetDependency;
			target = 6B4753572E8AAF27007362F7 /* Matrimonial */;
			targetProxy = 6B47536E2E8AAF29007362F7 /* PBXContainerItemProxy */;
		};
		6B4753792E8AAF29007362F7 /* PBXTargetDependency */ = {
			isa = PBXTargetDependency;
			target = 6B4753572E8AAF27007362F7 /* Matrimonial */;
			targetProxy = 6B4753782E8AAF29007362F7 /* PBXContainerItemProxy */;
		};
/* End PBXTargetDependency section */

/* Begin XCBuildConfiguration section */
		6B47537F2E8AAF29007362F7 /* Debug */ = {
			isa = XCBuildConfiguration;
			buildSettings = {
				ALWAYS_SEARCH_USER_PATHS = NO;
				ASSETCATALOG_COMPILER_GENERATE_SWIFT_ASSET_SYMBOL_EXTENSIONS = YES;
				CLANG_ANALYZER_NONNULL = YES;
				CLANG_ANALYZER_NUMBER_OBJECT_CONVERSION = YES_AGGRESSIVE;
				CLANG_CXX_LANGUAGE_STANDARD = "gnu++20";
				CLANG_ENABLE_MODULES = YES;
				CLANG_ENABLE_OBJC_ARC = YES;
				CLANG_ENABLE_OBJC_WEAK = YES;
				CLANG_WARN_BLOCK_CAPTURE_AUTORELEASING = YES;
				CLANG_WARN_BOOL_CONVERSION = YES;
				CLANG_WARN_COMMA = YES;
				CLANG_WARN_CONSTANT_CONVERSION = YES;
				CLANG_WARN_DEPRECATED_OBJC_IMPLEMENTATIONS = YES;
				CLANG_WARN_DIRECT_OBJC_ISA_USAGE = YES_ERROR;
				CLANG_WARN_DOCUMENTATION_COMMENTS = YES;
				CLANG_WARN_EMPTY_BODY = YES;
				CLANG_WARN_ENUM_CONVERSION = YES;
				CLANG_WARN_INFINITE_RECURSION = YES;
				CLANG_WARN_INT_CONVERSION = YES;
				CLANG_WARN_NON_LITERAL_NULL_CONVERSION = YES;
				CLANG_WARN_OBJC_IMPLICIT_RETAIN_SELF = YES;
				CLANG_WARN_OBJC_LITERAL_CONVERSION = YES;
				CLANG_WARN_OBJC_ROOT_CLASS = YES_ERROR;
				CLANG_WARN_QUOTED_INCLUDE_IN_FRAMEWORK_HEADER = YES;
				CLANG_WARN_RANGE_LOOP_ANALYSIS = YES;
				CLANG_WARN_STRICT_PROTOTYPES = YES;
				CLANG_WARN_SUSPICIOUS_MOVE = YES;
				CLANG_WARN_UNGUARDED_AVAILABILITY = YES_AGGRESSIVE;
				CLANG_WARN_UNREACHABLE_CODE = YES;
				CLANG_WARN__DUPLICATE_METHOD_MATCH = YES;
				COPY_PHASE_STRIP = NO;
				DEBUG_INFORMATION_FORMAT = dwarf;
				ENABLE_STRICT_OBJC_MSGSEND = YES;
				ENABLE_TESTABILITY = YES;
				ENABLE_USER_SCRIPT_SANDBOXING = YES;
				GCC_C_LANGUAGE_STANDARD = gnu17;
				GCC_DYNAMIC_NO_PIC = NO;
				GCC_NO_COMMON_BLOCKS = YES;
				GCC_OPTIMIZATION_LEVEL = 0;
				GCC_PREPROCESSOR_DEFINITIONS = (
					"DEBUG=1",
					"$(inherited)",
				);
				GCC_WARN_64_TO_32_BIT_CONVERSION = YES;
				GCC_WARN_ABOUT_RETURN_TYPE = YES_ERROR;
				GCC_WARN_UNDECLARED_SELECTOR = YES;
				GCC_WARN_UNINITIALIZED_AUTOS = YES_AGGRESSIVE;
				GCC_WARN_UNUSED_FUNCTION = YES;
				GCC_WARN_UNUSED_VARIABLE = YES;
				IPHONEOS_DEPLOYMENT_TARGET = 18.2;
				LOCALIZATION_PREFERS_STRING_CATALOGS = YES;
				MTL_ENABLE_DEBUG_INFO = INCLUDE_SOURCE;
				MTL_FAST_MATH = YES;
				ONLY_ACTIVE_ARCH = YES;
				SDKROOT = iphoneos;
				SWIFT_ACTIVE_COMPILATION_CONDITIONS = "DEBUG $(inherited)";
				SWIFT_OPTIMIZATION_LEVEL = "-Onone";
			};
			name = Debug;
		};
		6B4753802E8AAF29007362F7 /* Release */ = {
			isa = XCBuildConfiguration;
			buildSettings = {
				ALWAYS_SEARCH_USER_PATHS = NO;
				ASSETCATALOG_COMPILER_GENERATE_SWIFT_ASSET_SYMBOL_EXTENSIONS = YES;
				CLANG_ANALYZER_NONNULL = YES;
				CLANG_ANALYZER_NUMBER_OBJECT_CONVERSION = YES_AGGRESSIVE;
				CLANG_CXX_LANGUAGE_STANDARD = "gnu++20";
				CLANG_ENABLE_MODULES = YES;
				CLANG_ENABLE_OBJC_ARC = YES;
				CLANG_ENABLE_OBJC_WEAK = YES;
				CLANG_WARN_BLOCK_CAPTURE_AUTORELEASING = YES;
				CLANG_WARN_BOOL_CONVERSION = YES;
				CLANG_WARN_COMMA = YES;
				CLANG_WARN_CONSTANT_CONVERSION = YES;
				CLANG_WARN_DEPRECATED_OBJC_IMPLEMENTATIONS = YES;
				CLANG_WARN_DIRECT_OBJC_ISA_USAGE = YES_ERROR;
				CLANG_WARN_DOCUMENTATION_COMMENTS = YES;
				CLANG_WARN_EMPTY_BODY = YES;
				CLANG_WARN_ENUM_CONVERSION = YES;
				CLANG_WARN_INFINITE_RECURSION = YES;
				CLANG_WARN_INT_CONVERSION = YES;
				CLANG_WARN_NON_LITERAL_NULL_CONVERSION = YES;
				CLANG_WARN_OBJC_IMPLICIT_RETAIN_SELF = YES;
				CLANG_WARN_OBJC_LITERAL_CONVERSION = YES;
				CLANG_WARN_OBJC_ROOT_CLASS = YES_ERROR;
				CLANG_WARN_QUOTED_INCLUDE_IN_FRAMEWORK_HEADER = YES;
				CLANG_WARN_RANGE_LOOP_ANALYSIS = YES;
				CLANG_WARN_STRICT_PROTOTYPES = YES;
				CLANG_WARN_SUSPICIOUS_MOVE = YES;
				CLANG_WARN_UNGUARDED_AVAILABILITY = YES_AGGRESSIVE;
				CLANG_WARN_UNREACHABLE_CODE = YES;
				CLANG_WARN__DUPLICATE_METHOD_MATCH = YES;
				COPY_PHASE_STRIP = NO;
				DEBUG_INFORMATION_FORMAT = "dwarf-with-dsym";
				ENABLE_NS_ASSERTIONS = NO;
				ENABLE_STRICT_OBJC_MSGSEND = YES;
				ENABLE_USER_SCRIPT_SANDBOXING = YES;
				GCC_C_LANGUAGE_STANDARD = gnu17;
				GCC_NO_COMMON_BLOCKS = YES;
				GCC_WARN_64_TO_32_BIT_CONVERSION = YES;
				GCC_WARN_ABOUT_RETURN_TYPE = YES_ERROR;
				GCC_WARN_UNDECLARED_SELECTOR = YES;
				GCC_WARN_UNINITIALIZED_AUTOS = YES_AGGRESSIVE;
				GCC_WARN_UNUSED_FUNCTION = YES;
				GCC_WARN_UNUSED_VARIABLE = YES;
				IPHONEOS_DEPLOYMENT_TARGET = 18.2;
				LOCALIZATION_PREFERS_STRING_CATALOGS = YES;
				MTL_ENABLE_DEBUG_INFO = NO;
				MTL_FAST_MATH = YES;
				SDKROOT = iphoneos;
				SWIFT_COMPILATION_MODE = wholemodule;
				VALIDATE_PRODUCT = YES;
			};
			name = Release;
		};
		6B4753822E8AAF29007362F7 /* Debug */ = {
			isa = XCBuildConfiguration;
			buildSettings = {
				ASSETCATALOG_COMPILER_APPICON_NAME = AppIcon;
				ASSETCATALOG_COMPILER_GLOBAL_ACCENT_COLOR_NAME = AccentColor;
				CODE_SIGN_STYLE = Automatic;
				CURRENT_PROJECT_VERSION = 1;
				DEVELOPMENT_ASSET_PATHS = "";
				ENABLE_PREVIEWS = YES;
				GENERATE_INFOPLIST_FILE = YES;
				INFOPLIST_KEY_UIApplicationSceneManifest_Generation = YES;
				INFOPLIST_KEY_UIApplicationSupportsIndirectInputEvents = YES;
				INFOPLIST_KEY_UILaunchScreen_Generation = YES;
				INFOPLIST_KEY_UISupportedInterfaceOrientations_iPad = "UIInterfaceOrientationPortrait UIInterfaceOrientationPortraitUpsideDown UIInterfaceOrientationLandscapeLeft UIInterfaceOrientationLandscapeRight";
				INFOPLIST_KEY_UISupportedInterfaceOrientations_iPhone = "UIInterfaceOrientationPortrait UIInterfaceOrientationLandscapeLeft UIInterfaceOrientationLandscapeRight";
				LD_RUNPATH_SEARCH_PATHS = (
					"$(inherited)",
					"@executable_path/Frameworks",
				);
				MARKETING_VERSION = 1.0;
				PRODUCT_BUNDLE_IDENTIFIER = abcf.Matrimonial;
				PRODUCT_NAME = "$(TARGET_NAME)";
				SWIFT_EMIT_LOC_STRINGS = YES;
				SWIFT_VERSION = 5.0;
				TARGETED_DEVICE_FAMILY = "1,2";
			};
			name = Debug;
		};
		6B4753832E8AAF29007362F7 /* Release */ = {
			isa = XCBuildConfiguration;
			buildSettings = {
				ASSETCATALOG_COMPILER_APPICON_NAME = AppIcon;
				ASSETCATALOG_COMPILER_GLOBAL_ACCENT_COLOR_NAME = AccentColor;
				CODE_SIGN_STYLE = Automatic;
				CURRENT_PROJECT_VERSION = 1;
				DEVELOPMENT_ASSET_PATHS = "";
				ENABLE_PREVIEWS = YES;
				GENERATE_INFOPLIST_FILE = YES;
				INFOPLIST_KEY_UIApplicationSceneManifest_Generation = YES;
				INFOPLIST_KEY_UIApplicationSupportsIndirectInputEvents = YES;
				INFOPLIST_KEY_UILaunchScreen_Generation = YES;
				INFOPLIST_KEY_UISupportedInterfaceOrientations_iPad = "UIInterfaceOrientationPortrait UIInterfaceOrientationPortraitUpsideDown UIInterfaceOrientationLandscapeLeft UIInterfaceOrientationLandscapeRight";
				INFOPLIST_KEY_UISupportedInterfaceOrientations_iPhone = "UIInterfaceOrientationPortrait UIInterfaceOrientationLandscapeLeft UIInterfaceOrientationLandscapeRight";
				LD_RUNPATH_SEARCH_PATHS = (
					"$(inherited)",
					"@executable_path/Frameworks",
				);
				MARKETING_VERSION = 1.0;
				PRODUCT_BUNDLE_IDENTIFIER = abcf.Matrimonial;
				PRODUCT_NAME = "$(TARGET_NAME)";
				SWIFT_EMIT_LOC_STRINGS = YES;
				SWIFT_VERSION = 5.0;
				TARGETED_DEVICE_FAMILY = "1,2";
			};
			name = Release;
		};
		6B4753852E8AAF29007362F7 /* Debug */ = {
			isa = XCBuildConfiguration;
			buildSettings = {
				BUNDLE_LOADER = "$(TEST_HOST)";
				CODE_SIGN_STYLE = Automatic;
				CURRENT_PROJECT_VERSION = 1;
				GENERATE_INFOPLIST_FILE = YES;
				IPHONEOS_DEPLOYMENT_TARGET = 18.2;
				MARKETING_VERSION = 1.0;
				PRODUCT_BUNDLE_IDENTIFIER = abcf.MatrimonialTests;
				PRODUCT_NAME = "$(TARGET_NAME)";
				SWIFT_EMIT_LOC_STRINGS = NO;
				SWIFT_VERSION = 5.0;
				TARGETED_DEVICE_FAMILY = "1,2";
				TEST_HOST = "$(BUILT_PRODUCTS_DIR)/Matrimonial.app/$(BUNDLE_EXECUTABLE_FOLDER_PATH)/Matrimonial";
			};
			name = Debug;
		};
		6B4753862E8AAF29007362F7 /* Release */ = {
			isa = XCBuildConfiguration;
			buildSettings = {
				BUNDLE_LOADER = "$(TEST_HOST)";
				CODE_SIGN_STYLE = Automatic;
				CURRENT_PROJECT_VERSION = 1;
				GENERATE_INFOPLIST_FILE = YES;
				IPHONEOS_DEPLOYMENT_TARGET = 18.2;
				MARKETING_VERSION = 1.0;
				PRODUCT_BUNDLE_IDENTIFIER = abcf.MatrimonialTests;
				PRODUCT_NAME = "$(TARGET_NAME)";
				SWIFT_EMIT_LOC_STRINGS = NO;
				SWIFT_VERSION = 5.0;
				TARGETED_DEVICE_FAMILY = "1,2";
				TEST_HOST = "$(BUILT_PRODUCTS_DIR)/Matrimonial.app/$(BUNDLE_EXECUTABLE_FOLDER_PATH)/Matrimonial";
			};
			name = Release;
		};
		6B4753882E8AAF29007362F7 /* Debug */ = {
			isa = XCBuildConfiguration;
			buildSettings = {
				CODE_SIGN_STYLE = Automatic;
				CURRENT_PROJECT_VERSION = 1;
				GENERATE_INFOPLIST_FILE = YES;
				MARKETING_VERSION = 1.0;
				PRODUCT_BUNDLE_IDENTIFIER = abcf.MatrimonialUITests;
				PRODUCT_NAME = "$(TARGET_NAME)";
				SWIFT_EMIT_LOC_STRINGS = NO;
				SWIFT_VERSION = 5.0;
				TARGETED_DEVICE_FAMILY = "1,2";
				TEST_TARGET_NAME = Matrimonial;
			};
			name = Debug;
		};
		6B4753892E8AAF29007362F7 /* Release */ = {
			isa = XCBuildConfiguration;
			buildSettings = {
				CODE_SIGN_STYLE = Automatic;
				CURRENT_PROJECT_VERSION = 1;
				GENERATE_INFOPLIST_FILE = YES;
				MARKETING_VERSION = 1.0;
				PRODUCT_BUNDLE_IDENTIFIER = abcf.MatrimonialUITests;
				PRODUCT_NAME = "$(TARGET_NAME)";
				SWIFT_EMIT_LOC_STRINGS = NO;
				SWIFT_VERSION = 5.0;
				TARGETED_DEVICE_FAMILY = "1,2";
				TEST_TARGET_NAME = Matrimonial;
			};
			name = Release;
		};
/* End XCBuildConfiguration section */

/* Begin XCConfigurationList section */
		6B4753532E8AAF27007362F7 /* Build configuration list for PBXProject "Matrimonial" */ = {
			isa = XCConfigurationList;
			buildConfigurations = (
				6B47537F2E8AAF29007362F7 /* Debug */,
				6B4753802E8AAF29007362F7 /* Release */,
			);
			defaultConfigurationIsVisible = 0;
			defaultConfigurationName = Release;
		};
		6B4753812E8AAF29007362F7 /* Build configuration list for PBXNativeTarget "Matrimonial" */ = {
			isa = XCConfigurationList;
			buildConfigurations = (
				6B4753822E8AAF29007362F7 /* Debug */,
				6B4753832E8AAF29007362F7 /* Release */,
			);
			defaultConfigurationIsVisible = 0;
			defaultConfigurationName = Release;
		};
		6B4753842E8AAF29007362F7 /* Build configuration list for PBXNativeTarget "MatrimonialTests" */ = {
			isa = XCConfigurationList;
			buildConfigurations = (
				6B4753852E8AAF29007362F7 /* Debug */,
				6B4753862E8AAF29007362F7 /* Release */,
			);
			defaultConfigurationIsVisible = 0;
			defaultConfigurationName = Release;
		};
		6B4753872E8AAF29007362F7 /* Build configuration list for PBXNativeTarget "MatrimonialUITests" */ = {
			isa = XCConfigurationList;
			buildConfigurations = (
				6B4753882E8AAF29007362F7 /* Debug */,
				6B4753892E8AAF29007362F7 /* Release */,
			);
			defaultConfigurationIsVisible = 0;
			defaultConfigurationName = Release;
		};
/* End XCConfigurationList section */

/* Begin XCRemoteSwiftPackageReference section */
		6B4753BE2E8AC282007362F7 /* XCRemoteSwiftPackageReference "SDWebImageSwiftUI" */ = {
			isa = XCRemoteSwiftPackageReference;
			repositoryURL = "https://github.com/SDWebImage/SDWebImageSwiftUI.git";
			requirement = {
				kind = upToNextMajorVersion;
				minimumVersion = 3.1.3;
			};
		};
/* End XCRemoteSwiftPackageReference section */

/* Begin XCSwiftPackageProductDependency section */
		6B4753BF2E8AC282007362F7 /* SDWebImageSwiftUI */ = {
			isa = XCSwiftPackageProductDependency;
			package = 6B4753BE2E8AC282007362F7 /* XCRemoteSwiftPackageReference "SDWebImageSwiftUI" */;
			productName = SDWebImageSwiftUI;
		};
/* End XCSwiftPackageProductDependency section */
	};
	rootObject = 6B4753502E8AAF27007362F7 /* Project object */;
}
